Microsoft Visual Studio Solution File, Format Version 11.00
# Visual Studio 2008

Project("{D1B8E7BF-027D-DF20-E2E6-FF8621C24A52}") = "MinotaurMaze", "Assembly-CSharp.csproj", "{5E33A531-FFAD-C59A-8476-B5FDD309CDF0}"
EndProject
Global
	GlobalSection(SolutionConfigurationPlatforms) = preSolution
		Debug|Any CPU = Debug|Any CPU
		Release|Any CPU = Release|Any CPU
	EndGlobalSection
	GlobalSection(ProjectConfigurationPlatforms) = postSolution
		{5E33A531-FFAD-C59A-8476-B5FDD309CDF0}.Debug|Any CPU.ActiveCfg = Debug|Any CPU
		{5E33A531-FFAD-C59A-8476-B5FDD309CDF0}.Debug|Any CPU.Build.0 = Debug|Any CPU
		{5E33A531-FFAD-C59A-8476-B5FDD309CDF0}.Release|Any CPU.ActiveCfg = Release|Any CPU
		{5E33A531-FFAD-C59A-8476-B5FDD309CDF0}.Release|Any CPU.Build.0 = Release|Any CPU
	EndGlobalSection
	GlobalSection(SolutionProperties) = preSolution
		HideSolutionNode = FALSE
	EndGlobalSection
	GlobalSection(MonoDevelopProperties) = preSolution
		StartupItem = Assembly-CSharp.csproj
	EndGlobalSection
EndGlobal
